
Microsoft Visual Studio Solution File, Format Version 12.00
# Visual Studio Version 17
VisualStudioVersion = 17.9.34616.47
MinimumVisualStudioVersion = 10.0.40219.1
Project("{8BC9CEB8-8B4A-11D0-8D11-00A0C91BC942}") = "CoursePaper", "CoursePaper\CoursePaper.vcxproj", "{89F7ABAE-EE93-4EB0-9C56-2E467CE2464B}"
EndProject
Global
	GlobalSection(SolutionConfigurationPlatforms) = preSolution
		Debug|x64 = Debug|x64
		Debug|x86 = Debug|x86
		Release|x64 = Release|x64
		Release|x86 = Release|x86
	EndGlobalSection
	GlobalSection(ProjectConfigurationPlatforms) = postSolution
		{89F7ABAE-EE93-4EB0-9C56-2E467CE2464B}.Debug|x64.ActiveCfg = Debug|x64
		{89F7ABAE-EE93-4EB0-9C56-2E467CE2464B}.Debug|x64.Build.0 = Debug|x64
		{89F7ABAE-EE93-4EB0-9C56-2E467CE2464B}.Debug|x86.ActiveCfg = Debug|Win32
		{89F7ABAE-EE93-4EB0-9C56-2E467CE2464B}.Debug|x86.Build.0 = Debug|Win32
		{89F7ABAE-EE93-4EB0-9C56-2E467CE2464B}.Release|x64.ActiveCfg = Release|x64
		{89F7ABAE-EE93-4EB0-9C56-2E467CE2464B}.Release|x64.Build.0 = Release|x64
		{89F7ABAE-EE93-4EB0-9C56-2E467CE2464B}.Release|x86.ActiveCfg = Release|Win32
		{89F7ABAE-EE93-4EB0-9C56-2E467CE2464B}.Release|x86.Build.0 = Release|Win32
	EndGlobalSection
	GlobalSection(SolutionProperties) = preSolution
		HideSolutionNode = FALSE
	EndGlobalSection
	GlobalSection(ExtensibilityGlobals) = postSolution
		SolutionGuid = {08AAF41B-F167-46D5-AD72-4BFD710E6624}
	EndGlobalSection
EndGlobal
